
Microsoft Visual Studio Solution File, Format Version 11.00
# Visual C++ Express 2010
Project("{8BC9CEB8-8B4A-11D0-8D11-00A0C91BC942}") = "TE_USB_FX2_CyAPI_SampleApplication", "TE_USB_FX2_CyAPI_SampleApplication\TE_USB_FX2_CyAPI_SampleApplication.vcxproj", "{96C39DF1-D6AA-4BB5-B032-EB7A7E64F3BC}"
EndProject
Global
	GlobalSection(SolutionConfigurationPlatforms) = preSolution
		Debug|Win32 = Debug|Win32
		Release|Win32 = Release|Win32
	EndGlobalSection
	GlobalSection(ProjectConfigurationPlatforms) = postSolution
		{96C39DF1-D6AA-4BB5-B032-EB7A7E64F3BC}.Debug|Win32.ActiveCfg = Debug|Win32
		{96C39DF1-D6AA-4BB5-B032-EB7A7E64F3BC}.Debug|Win32.Build.0 = Debug|Win32
		{96C39DF1-D6AA-4BB5-B032-EB7A7E64F3BC}.Release|Win32.ActiveCfg = Release|Win32
		{96C39DF1-D6AA-4BB5-B032-EB7A7E64F3BC}.Release|Win32.Build.0 = Release|Win32
	EndGlobalSection
	GlobalSection(SolutionProperties) = preSolution
		HideSolutionNode = FALSE
	EndGlobalSection
EndGlobal
