
Microsoft Visual Studio Solution File, Format Version 10.00
# Visual Studio 2008
Project("{8BC9CEB8-8B4A-11D0-8D11-00A0C91BC942}") = "TE0320_API_Example", "TE0320_API_Example.vcproj", "{867B936F-A551-4937-811C-D185BA84EDD7}"
EndProject
Global
	GlobalSection(SolutionConfigurationPlatforms) = preSolution
		Debug|Win32 = Debug|Win32
		Release|Win32 = Release|Win32
	EndGlobalSection
	GlobalSection(ProjectConfigurationPlatforms) = postSolution
		{867B936F-A551-4937-811C-D185BA84EDD7}.Debug|Win32.ActiveCfg = Debug|Win32
		{867B936F-A551-4937-811C-D185BA84EDD7}.Debug|Win32.Build.0 = Debug|Win32
		{867B936F-A551-4937-811C-D185BA84EDD7}.Release|Win32.ActiveCfg = Release|Win32
		{867B936F-A551-4937-811C-D185BA84EDD7}.Release|Win32.Build.0 = Release|Win32
	EndGlobalSection
	GlobalSection(SolutionProperties) = preSolution
		HideSolutionNode = FALSE
	EndGlobalSection
EndGlobal
